
Microsoft Visual Studio Solution File, Format Version 12.00
# Visual Studio Version 16
VisualStudioVersion = 16.0.31129.286
MinimumVisualStudioVersion = 10.0.40219.1
Project("{FAE04EC0-301F-11D3-BF4B-00C04F79EFBC}") = "WinformCrawling", "WinformCrawling\WinformCrawling.csproj", "{507352B4-3215-4D6F-8341-581E3A65F873}"
EndProject
Global
	GlobalSection(SolutionConfigurationPlatforms) = preSolution
		Debug|Any CPU = Debug|Any CPU
		Release|Any CPU = Release|Any CPU
	EndGlobalSection
	GlobalSection(ProjectConfigurationPlatforms) = postSolution
		{507352B4-3215-4D6F-8341-581E3A65F873}.Debug|Any CPU.ActiveCfg = Debug|Any CPU
		{507352B4-3215-4D6F-8341-581E3A65F873}.Debug|Any CPU.Build.0 = Debug|Any CPU
		{507352B4-3215-4D6F-8341-581E3A65F873}.Release|Any CPU.ActiveCfg = Release|Any CPU
		{507352B4-3215-4D6F-8341-581E3A65F873}.Release|Any CPU.Build.0 = Release|Any CPU
	EndGlobalSection
	GlobalSection(SolutionProperties) = preSolution
		HideSolutionNode = FALSE
	EndGlobalSection
	GlobalSection(ExtensibilityGlobals) = postSolution
		SolutionGuid = {40F98D93-C9E5-4897-8838-16A57805CC2C}
	EndGlobalSection
EndGlobal
